// !$*UTF8*$!
{
	archiveVersion = 1;
	classes = {
	};
	objectVersion = 46;
	objects = {

/* Begin PBXBuildFile section */
		10AEA1471DE513C900272A55 /* AppDelegate.swift in Sources */ = {isa = PBXBuildFile; fileRef = 10AEA1461DE513C900272A55 /* AppDelegate.swift */; };
		10AEA1491DE513C900272A55 /* ViewController.swift in Sources */ = {isa = PBXBuildFile; fileRef = 10AEA1481DE513C900272A55 /* ViewController.swift */; };
		10AEA14C1DE513C900272A55 /* Main.storyboard in Resources */ = {isa = PBXBuildFile; fileRef = 10AEA14A1DE513C900272A55 /* Main.storyboard */; };
		10AEA14E1DE513C900272A55 /* Assets.xcassets in Resources */ = {isa = PBXBuildFile; fileRef = 10AEA14D1DE513C900272A55 /* Assets.xcassets */; };
		10AEA1511DE513C900272A55 /* LaunchScreen.storyboard in Resources */ = {isa = PBXBuildFile; fileRef = 10AEA14F1DE513C900272A55 /* LaunchScreen.storyboard */; };
		10AEA15C1DE513C900272A55 /* helloWatsonTests.swift in Sources */ = {isa = PBXBuildFile; fileRef = 10AEA15B1DE513C900272A55 /* helloWatsonTests.swift */; };
		10AEA1671DE513C900272A55 /* helloWatsonUITests.swift in Sources */ = {isa = PBXBuildFile; fileRef = 10AEA1661DE513C900272A55 /* helloWatsonUITests.swift */; };
		10AEA1751DE51A8500272A55 /* Alamofire.framework in Frameworks */ = {isa = PBXBuildFile; fileRef = 10AEA1741DE51A8500272A55 /* Alamofire.framework */; };
		10AEA1761DE51A8500272A55 /* Alamofire.framework in Embed Frameworks */ = {isa = PBXBuildFile; fileRef = 10AEA1741DE51A8500272A55 /* Alamofire.framework */; settings = {ATTRIBUTES = (CodeSignOnCopy, RemoveHeadersOnCopy, ); }; };
		10AEA1791DE51A9500272A55 /* AlamofireImage.framework in Frameworks */ = {isa = PBXBuildFile; fileRef = 10AEA1781DE51A9500272A55 /* AlamofireImage.framework */; };
		10AEA17A1DE51A9500272A55 /* AlamofireImage.framework in Embed Frameworks */ = {isa = PBXBuildFile; fileRef = 10AEA1781DE51A9500272A55 /* AlamofireImage.framework */; settings = {ATTRIBUTES = (CodeSignOnCopy, RemoveHeadersOnCopy, ); }; };
		10AEA17C1DE51AA900272A55 /* RestKit.framework in Frameworks */ = {isa = PBXBuildFile; fileRef = 10AEA17B1DE51AA900272A55 /* RestKit.framework */; };
		10AEA17D1DE51AA900272A55 /* RestKit.framework in Embed Frameworks */ = {isa = PBXBuildFile; fileRef = 10AEA17B1DE51AA900272A55 /* RestKit.framework */; settings = {ATTRIBUTES = (CodeSignOnCopy, RemoveHeadersOnCopy, ); }; };
		10AEA17F1DE51ACD00272A55 /* VisualRecognitionV3.framework in Frameworks */ = {isa = PBXBuildFile; fileRef = 10AEA17E1DE51ACD00272A55 /* VisualRecognitionV3.framework */; };
		10AEA1801DE51ACD00272A55 /* VisualRecognitionV3.framework in Embed Frameworks */ = {isa = PBXBuildFile; fileRef = 10AEA17E1DE51ACD00272A55 /* VisualRecognitionV3.framework */; settings = {ATTRIBUTES = (CodeSignOnCopy, RemoveHeadersOnCopy, ); }; };
/* End PBXBuildFile section */

/* Begin PBXContainerItemProxy section */
		10AEA1581DE513C900272A55 /* PBXContainerItemProxy */ = {
			isa = PBXContainerItemProxy;
			containerPortal = 10AEA13B1DE513C800272A55 /* Project object */;
			proxyType = 1;
			remoteGlobalIDString = 10AEA1421DE513C900272A55;
			remoteInfo = helloWatson;
		};
		10AEA1631DE513C900272A55 /* PBXContainerItemProxy */ = {
			isa = PBXContainerItemProxy;
			containerPortal = 10AEA13B1DE513C800272A55 /* Project object */;
			proxyType = 1;
			remoteGlobalIDString = 10AEA1421DE513C900272A55;
			remoteInfo = helloWatson;
		};
/* End PBXContainerItemProxy section */

/* Begin PBXCopyFilesBuildPhase section */
		10AEA1771DE51A8500272A55 /* Embed Frameworks */ = {
			isa = PBXCopyFilesBuildPhase;
			buildActionMask = 2147483647;
			dstPath = "";
			dstSubfolderSpec = 10;
			files = (
				10AEA1761DE51A8500272A55 /* Alamofire.framework in Embed Frameworks */,
				10AEA17A1DE51A9500272A55 /* AlamofireImage.framework in Embed Frameworks */,
				10AEA17D1DE51AA900272A55 /* RestKit.framework in Embed Frameworks */,
				10AEA1801DE51ACD00272A55 /* VisualRecognitionV3.framework in Embed Frameworks */,
			);
			name = "Embed Frameworks";
			runOnlyForDeploymentPostprocessing = 0;
		};
/* End PBXCopyFilesBuildPhase section */

/* Begin PBXFileReference section */
		10AEA1431DE513C900272A55 /* helloWatson.app */ = {isa = PBXFileReference; explicitFileType = wrapper.application; includeInIndex = 0; path = helloWatson.app; sourceTree = BUILT_PRODUCTS_DIR; };
		10AEA1461DE513C900272A55 /* AppDelegate.swift */ = {isa = PBXFileReference; lastKnownFileType = sourcecode.swift; path = AppDelegate.swift; sourceTree = "<group>"; };
		10AEA1481DE513C900272A55 /* ViewController.swift */ = {isa = PBXFileReference; lastKnownFileType = sourcecode.swift; path = ViewController.swift; sourceTree = "<group>"; };
		10AEA14B1DE513C900272A55 /* Base */ = {isa = PBXFileReference; lastKnownFileType = file.storyboard; name = Base; path = Base.lproj/Main.storyboard; sourceTree = "<group>"; };
		10AEA14D1DE513C900272A55 /* Assets.xcassets */ = {isa = PBXFileReference; lastKnownFileType = folder.assetcatalog; path = Assets.xcassets; sourceTree = "<group>"; };
		10AEA1501DE513C900272A55 /* Base */ = {isa = PBXFileReference; lastKnownFileType = file.storyboard; name = Base; path = Base.lproj/LaunchScreen.storyboard; sourceTree = "<group>"; };
		10AEA1521DE513C900272A55 /* Info.plist */ = {isa = PBXFileReference; lastKnownFileType = text.plist.xml; path = Info.plist; sourceTree = "<group>"; };
		10AEA1571DE513C900272A55 /* helloWatsonTests.xctest */ = {isa = PBXFileReference; explicitFileType = wrapper.cfbundle; includeInIndex = 0; path = helloWatsonTests.xctest; sourceTree = BUILT_PRODUCTS_DIR; };
		10AEA15B1DE513C900272A55 /* helloWatsonTests.swift */ = {isa = PBXFileReference; lastKnownFileType = sourcecode.swift; path = helloWatsonTests.swift; sourceTree = "<group>"; };
		10AEA15D1DE513C900272A55 /* Info.plist */ = {isa = PBXFileReference; lastKnownFileType = text.plist.xml; path = Info.plist; sourceTree = "<group>"; };
		10AEA1621DE513C900272A55 /* helloWatsonUITests.xctest */ = {isa = PBXFileReference; explicitFileType = wrapper.cfbundle; includeInIndex = 0; path = helloWatsonUITests.xctest; sourceTree = BUILT_PRODUCTS_DIR; };
		10AEA1661DE513C900272A55 /* helloWatsonUITests.swift */ = {isa = PBXFileReference; lastKnownFileType = sourcecode.swift; path = helloWatsonUITests.swift; sourceTree = "<group>"; };
		10AEA1681DE513C900272A55 /* Info.plist */ = {isa = PBXFileReference; lastKnownFileType = text.plist.xml; path = Info.plist; sourceTree = "<group>"; };
		10AEA1741DE51A8500272A55 /* Alamofire.framework */ = {isa = PBXFileReference; lastKnownFileType = wrapper.framework; name = Alamofire.framework; path = Carthage/Build/iOS/Alamofire.framework; sourceTree = "<group>"; };
		10AEA1781DE51A9500272A55 /* AlamofireImage.framework */ = {isa = PBXFileReference; lastKnownFileType = wrapper.framework; name = AlamofireImage.framework; path = Carthage/Build/iOS/AlamofireImage.framework; sourceTree = "<group>"; };
		10AEA17B1DE51AA900272A55 /* RestKit.framework */ = {isa = PBXFileReference; lastKnownFileType = wrapper.framework; name = RestKit.framework; path = Carthage/Build/iOS/RestKit.framework; sourceTree = "<group>"; };
		10AEA17E1DE51ACD00272A55 /* VisualRecognitionV3.framework */ = {isa = PBXFileReference; lastKnownFileType = wrapper.framework; name = VisualRecognitionV3.framework; path = Carthage/Build/iOS/VisualRecognitionV3.framework; sourceTree = "<group>"; };
/* End PBXFileReference section */

/* Begin PBXFrameworksBuildPhase section */
		10AEA1401DE513C900272A55 /* Frameworks */ = {
			isa = PBXFrameworksBuildPhase;
			buildActionMask = 2147483647;
			files = (
				10AEA1751DE51A8500272A55 /* Alamofire.framework in Frameworks */,
				10AEA1791DE51A9500272A55 /* AlamofireImage.framework in Frameworks */,
				10AEA17C1DE51AA900272A55 /* RestKit.framework in Frameworks */,
				10AEA17F1DE51ACD00272A55 /* VisualRecognitionV3.framework in Frameworks */,
			);
			runOnlyForDeploymentPostprocessing = 0;
		};
		10AEA1541DE513C900272A55 /* Frameworks */ = {
			isa = PBXFrameworksBuildPhase;
			buildActionMask = 2147483647;
			files = (
			);
			runOnlyForDeploymentPostprocessing = 0;
		};
		10AEA15F1DE513C900272A55 /* Frameworks */ = {
			isa = PBXFrameworksBuildPhase;
			buildActionMask = 2147483647;
			files = (
			);
			runOnlyForDeploymentPostprocessing = 0;
		};
/* End PBXFrameworksBuildPhase section */

/* Begin PBXGroup section */
		10AEA13A1DE513C800272A55 = {
			isa = PBXGroup;
			children = (
				10AEA17E1DE51ACD00272A55 /* VisualRecognitionV3.framework */,
				10AEA17B1DE51AA900272A55 /* RestKit.framework */,
				10AEA1781DE51A9500272A55 /* AlamofireImage.framework */,
				10AEA1741DE51A8500272A55 /* Alamofire.framework */,
				10AEA1451DE513C900272A55 /* helloWatson */,
				10AEA15A1DE513C900272A55 /* helloWatsonTests */,
				10AEA1651DE513C900272A55 /* helloWatsonUITests */,
				10AEA1441DE513C900272A55 /* Products */,
			);
			sourceTree = "<group>";
		};
		10AEA1441DE513C900272A55 /* Products */ = {
			isa = PBXGroup;
			children = (
				10AEA1431DE513C900272A55 /* helloWatson.app */,
				10AEA1571DE513C900272A55 /* helloWatsonTests.xctest */,
				10AEA1621DE513C900272A55 /* helloWatsonUITests.xctest */,
			);
			name = Products;
			sourceTree = "<group>";
		};
		10AEA1451DE513C900272A55 /* helloWatson */ = {
			isa = PBXGroup;
			children = (
				10AEA1461DE513C900272A55 /* AppDelegate.swift */,
				10AEA1481DE513C900272A55 /* ViewController.swift */,
				10AEA14A1DE513C900272A55 /* Main.storyboard */,
				10AEA14D1DE513C900272A55 /* Assets.xcassets */,
				10AEA14F1DE513C900272A55 /* LaunchScreen.storyboard */,
				10AEA1521DE513C900272A55 /* Info.plist */,
			);
			path = helloWatson;
			sourceTree = "<group>";
		};
		10AEA15A1DE513C900272A55 /* helloWatsonTests */ = {
			isa = PBXGroup;
			children = (
				10AEA15B1DE513C900272A55 /* helloWatsonTests.swift */,
				10AEA15D1DE513C900272A55 /* Info.plist */,
			);
			path = helloWatsonTests;
			sourceTree = "<group>";
		};
		10AEA1651DE513C900272A55 /* helloWatsonUITests */ = {
			isa = PBXGroup;
			children = (
				10AEA1661DE513C900272A55 /* helloWatsonUITests.swift */,
				10AEA1681DE513C900272A55 /* Info.plist */,
			);
			path = helloWatsonUITests;
			sourceTree = "<group>";
		};
/* End PBXGroup section */

/* Begin PBXNativeTarget section */
		10AEA1421DE513C900272A55 /* helloWatson */ = {
			isa = PBXNativeTarget;
			buildConfigurationList = 10AEA16B1DE513C900272A55 /* Build configuration list for PBXNativeTarget "helloWatson" */;
			buildPhases = (
				10AEA13F1DE513C900272A55 /* Sources */,
				10AEA1401DE513C900272A55 /* Frameworks */,
				10AEA1411DE513C900272A55 /* Resources */,
				10AEA1771DE51A8500272A55 /* Embed Frameworks */,
			);
			buildRules = (
			);
			dependencies = (
			);
			name = helloWatson;
			productName = helloWatson;
			productReference = 10AEA1431DE513C900272A55 /* helloWatson.app */;
			productType = "com.apple.product-type.application";
		};
		10AEA1561DE513C900272A55 /* helloWatsonTests */ = {
			isa = PBXNativeTarget;
			buildConfigurationList = 10AEA16E1DE513C900272A55 /* Build configuration list for PBXNativeTarget "helloWatsonTests" */;
			buildPhases = (
				10AEA1531DE513C900272A55 /* Sources */,
				10AEA1541DE513C900272A55 /* Frameworks */,
				10AEA1551DE513C900272A55 /* Resources */,
			);
			buildRules = (
			);
			dependencies = (
				10AEA1591DE513C900272A55 /* PBXTargetDependency */,
			);
			name = helloWatsonTests;
			productName = helloWatsonTests;
			productReference = 10AEA1571DE513C900272A55 /* helloWatsonTests.xctest */;
			productType = "com.apple.product-type.bundle.unit-test";
		};
		10AEA1611DE513C900272A55 /* helloWatsonUITests */ = {
			isa = PBXNativeTarget;
			buildConfigurationList = 10AEA1711DE513C900272A55 /* Build configuration list for PBXNativeTarget "helloWatsonUITests" */;
			buildPhases = (
				10AEA15E1DE513C900272A55 /* Sources */,
				10AEA15F1DE513C900272A55 /* Frameworks */,
				10AEA1601DE513C900272A55 /* Resources */,
			);
			buildRules = (
			);
			dependencies = (
				10AEA1641DE513C900272A55 /* PBXTargetDependency */,
			);
			name = helloWatsonUITests;
			productName = helloWatsonUITests;
			productReference = 10AEA1621DE513C900272A55 /* helloWatsonUITests.xctest */;
			productType = "com.apple.product-type.bundle.ui-testing";
		};
/* End PBXNativeTarget section */

/* Begin PBXProject section */
		10AEA13B1DE513C800272A55 /* Project object */ = {
			isa = PBXProject;
			attributes = {
				LastSwiftUpdateCheck = 0810;
				LastUpgradeCheck = 0810;
				ORGANIZATIONNAME = "Annette Fontanilla";
				TargetAttributes = {
					10AEA1421DE513C900272A55 = {
						CreatedOnToolsVersion = 8.1;
						DevelopmentTeam = PX7S3G376U;
						ProvisioningStyle = Automatic;
					};
					10AEA1561DE513C900272A55 = {
						CreatedOnToolsVersion = 8.1;
						DevelopmentTeam = PX7S3G376U;
						ProvisioningStyle = Automatic;
						TestTargetID = 10AEA1421DE513C900272A55;
					};
					10AEA1611DE513C900272A55 = {
						CreatedOnToolsVersion = 8.1;
						DevelopmentTeam = PX7S3G376U;
						ProvisioningStyle = Automatic;
						TestTargetID = 10AEA1421DE513C900272A55;
					};
				};
			};
			buildConfigurationList = 10AEA13E1DE513C800272A55 /* Build configuration list for PBXProject "helloWatson" */;
			compatibilityVersion = "Xcode 3.2";
			developmentRegion = English;
			hasScannedForEncodings = 0;
			knownRegions = (
				en,
				Base,
			);
			mainGroup = 10AEA13A1DE513C800272A55;
			productRefGroup = 10AEA1441DE513C900272A55 /* Products */;
			projectDirPath = "";
			projectRoot = "";
			targets = (
				10AEA1421DE513C900272A55 /* helloWatson */,
				10AEA1561DE513C900272A55 /* helloWatsonTests */,
				10AEA1611DE513C900272A55 /* helloWatsonUITests */,
			);
		};
/* End PBXProject section */

/* Begin PBXResourcesBuildPhase section */
		10AEA1411DE513C900272A55 /* Resources */ = {
			isa = PBXResourcesBuildPhase;
			buildActionMask = 2147483647;
			files = (
				10AEA1511DE513C900272A55 /* LaunchScreen.storyboard in Resources */,
				10AEA14E1DE513C900272A55 /* Assets.xcassets in Resources */,
				10AEA14C1DE513C900272A55 /* Main.storyboard in Resources */,
			);
			runOnlyForDeploymentPostprocessing = 0;
		};
		10AEA1551DE513C900272A55 /* Resources */ = {
			isa = PBXResourcesBuildPhase;
			buildActionMask = 2147483647;
			files = (
			);
			runOnlyForDeploymentPostprocessing = 0;
		};
		10AEA1601DE513C900272A55 /* Resources */ = {
			isa = PBXResourcesBuildPhase;
			buildActionMask = 2147483647;
			files = (
			);
			runOnlyForDeploymentPostprocessing = 0;
		};
/* End PBXResourcesBuildPhase section */

/* Begin PBXSourcesBuildPhase section */
		10AEA13F1DE513C900272A55 /* Sources */ = {
			isa = PBXSourcesBuildPhase;
			buildActionMask = 2147483647;
			files = (
				10AEA1491DE513C900272A55 /* ViewController.swift in Sources */,
				10AEA1471DE513C900272A55 /* AppDelegate.swift in Sources */,
			);
			runOnlyForDeploymentPostprocessing = 0;
		};
		10AEA1531DE513C900272A55 /* Sources */ = {
			isa = PBXSourcesBuildPhase;
			buildActionMask = 2147483647;
			files = (
				10AEA15C1DE513C900272A55 /* helloWatsonTests.swift in Sources */,
			);
			runOnlyForDeploymentPostprocessing = 0;
		};
		10AEA15E1DE513C900272A55 /* Sources */ = {
			isa = PBXSourcesBuildPhase;
			buildActionMask = 2147483647;
			files = (
				10AEA1671DE513C900272A55 /* helloWatsonUITests.swift in Sources */,
			);
			runOnlyForDeploymentPostprocessing = 0;
		};
/* End PBXSourcesBuildPhase section */

/* Begin PBXTargetDependency section */
		10AEA1591DE513C900272A55 /* PBXTargetDependency */ = {
			isa = PBXTargetDependency;
			target = 10AEA1421DE513C900272A55 /* helloWatson */;
			targetProxy = 10AEA1581DE513C900272A55 /* PBXContainerItemProxy */;
		};
		10AEA1641DE513C900272A55 /* PBXTargetDependency */ = {
			isa = PBXTargetDependency;
			target = 10AEA1421DE513C900272A55 /* helloWatson */;
			targetProxy = 10AEA1631DE513C900272A55 /* PBXContainerItemProxy */;
		};
/* End PBXTargetDependency section */

/* Begin PBXVariantGroup section */
		10AEA14A1DE513C900272A55 /* Main.storyboard */ = {
			isa = PBXVariantGroup;
			children = (
				10AEA14B1DE513C900272A55 /* Base */,
			);
			name = Main.storyboard;
			sourceTree = "<group>";
		};
		10AEA14F1DE513C900272A55 /* LaunchScreen.storyboard */ = {
			isa = PBXVariantGroup;
			children = (
				10AEA1501DE513C900272A55 /* Base */,
			);
			name = LaunchScreen.storyboard;
			sourceTree = "<group>";
		};
/* End PBXVariantGroup section */

/* Begin XCBuildConfiguration section */
		10AEA1691DE513C900272A55 /* Debug */ = {
			isa = XCBuildConfiguration;
			buildSettings = {
				ALWAYS_SEARCH_USER_PATHS = NO;
				CLANG_ANALYZER_NONNULL = YES;
				CLANG_CXX_LANGUAGE_STANDARD = "gnu++0x";
				CLANG_CXX_LIBRARY = "libc++";
				CLANG_ENABLE_MODULES = YES;
				CLANG_ENABLE_OBJC_ARC = YES;
				CLANG_WARN_BOOL_CONVERSION = YES;
				CLANG_WARN_CONSTANT_CONVERSION = YES;
				CLANG_WARN_DIRECT_OBJC_ISA_USAGE = YES_ERROR;
				CLANG_WARN_DOCUMENTATION_COMMENTS = YES;
				CLANG_WARN_EMPTY_BODY = YES;
				CLANG_WARN_ENUM_CONVERSION = YES;
				CLANG_WARN_INFINITE_RECURSION = YES;
				CLANG_WARN_INT_CONVERSION = YES;
				CLANG_WARN_OBJC_ROOT_CLASS = YES_ERROR;
				CLANG_WARN_SUSPICIOUS_MOVES = YES;
				CLANG_WARN_UNREACHABLE_CODE = YES;
				CLANG_WARN__DUPLICATE_METHOD_MATCH = YES;
				"CODE_SIGN_IDENTITY[sdk=iphoneos*]" = "iPhone Developer";
				COPY_PHASE_STRIP = NO;
				DEBUG_INFORMATION_FORMAT = dwarf;
				ENABLE_STRICT_OBJC_MSGSEND = YES;
				ENABLE_TESTABILITY = YES;
				GCC_C_LANGUAGE_STANDARD = gnu99;
				GCC_DYNAMIC_NO_PIC = NO;
				GCC_NO_COMMON_BLOCKS = YES;
				GCC_OPTIMIZATION_LEVEL = 0;
				GCC_PREPROCESSOR_DEFINITIONS = (
					"DEBUG=1",
					"$(inherited)",
				);
				GCC_WARN_64_TO_32_BIT_CONVERSION = YES;
				GCC_WARN_ABOUT_RETURN_TYPE = YES_ERROR;
				GCC_WARN_UNDECLARED_SELECTOR = YES;
				GCC_WARN_UNINITIALIZED_AUTOS = YES_AGGRESSIVE;
				GCC_WARN_UNUSED_FUNCTION = YES;
				GCC_WARN_UNUSED_VARIABLE = YES;
				IPHONEOS_DEPLOYMENT_TARGET = 10.1;
				MTL_ENABLE_DEBUG_INFO = YES;
				ONLY_ACTIVE_ARCH = YES;
				SDKROOT = iphoneos;
				SWIFT_ACTIVE_COMPILATION_CONDITIONS = DEBUG;
				SWIFT_OPTIMIZATION_LEVEL = "-Onone";
				TARGETED_DEVICE_FAMILY = "1,2";
			};
			name = Debug;
		};
		10AEA16A1DE513C900272A55 /* Release */ = {
			isa = XCBuildConfiguration;
			buildSettings = {
				ALWAYS_SEARCH_USER_PATHS = NO;
				CLANG_ANALYZER_NONNULL = YES;
				CLANG_CXX_LANGUAGE_STANDARD = "gnu++0x";
				CLANG_CXX_LIBRARY = "libc++";
				CLANG_ENABLE_MODULES = YES;
				CLANG_ENABLE_OBJC_ARC = YES;
				CLANG_WARN_BOOL_CONVERSION = YES;
				CLANG_WARN_CONSTANT_CONVERSION = YES;
				CLANG_WARN_DIRECT_OBJC_ISA_USAGE = YES_ERROR;
				CLANG_WARN_DOCUMENTATION_COMMENTS = YES;
				CLANG_WARN_EMPTY_BODY = YES;
				CLANG_WARN_ENUM_CONVERSION = YES;
				CLANG_WARN_INFINITE_RECURSION = YES;
				CLANG_WARN_INT_CONVERSION = YES;
				CLANG_WARN_OBJC_ROOT_CLASS = YES_ERROR;
				CLANG_WARN_SUSPICIOUS_MOVES = YES;
				CLANG_WARN_UNREACHABLE_CODE = YES;
				CLANG_WARN__DUPLICATE_METHOD_MATCH = YES;
				"CODE_SIGN_IDENTITY[sdk=iphoneos*]" = "iPhone Developer";
				COPY_PHASE_STRIP = NO;
				DEBUG_INFORMATION_FORMAT = "dwarf-with-dsym";
				ENABLE_NS_ASSERTIONS = NO;
				ENABLE_STRICT_OBJC_MSGSEND = YES;
				GCC_C_LANGUAGE_STANDARD = gnu99;
				GCC_NO_COMMON_BLOCKS = YES;
				GCC_WARN_64_TO_32_BIT_CONVERSION = YES;
				GCC_WARN_ABOUT_RETURN_TYPE = YES_ERROR;
				GCC_WARN_UNDECLARED_SELECTOR = YES;
				GCC_WARN_UNINITIALIZED_AUTOS = YES_AGGRESSIVE;
				GCC_WARN_UNUSED_FUNCTION = YES;
				GCC_WARN_UNUSED_VARIABLE = YES;
				IPHONEOS_DEPLOYMENT_TARGET = 10.1;
				MTL_ENABLE_DEBUG_INFO = NO;
				SDKROOT = iphoneos;
				SWIFT_OPTIMIZATION_LEVEL = "-Owholemodule";
				TARGETED_DEVICE_FAMILY = "1,2";
				VALIDATE_PRODUCT = YES;
			};
			name = Release;
		};
		10AEA16C1DE513C900272A55 /* Debug */ = {
			isa = XCBuildConfiguration;
			buildSettings = {
				ASSETCATALOG_COMPILER_APPICON_NAME = AppIcon;
				DEVELOPMENT_TEAM = PX7S3G376U;
				FRAMEWORK_SEARCH_PATHS = (
					"$(inherited)",
					"$(PROJECT_DIR)/Carthage/Build/iOS",
				);
				INFOPLIST_FILE = helloWatson/Info.plist;
				LD_RUNPATH_SEARCH_PATHS = "$(inherited) @executable_path/Frameworks";
				PRODUCT_BUNDLE_IDENTIFIER = com.annettefontanilla.helloWatson;
				PRODUCT_NAME = "$(TARGET_NAME)";
				SWIFT_VERSION = 3.0;
			};
			name = Debug;
		};
		10AEA16D1DE513C900272A55 /* Release */ = {
			isa = XCBuildConfiguration;
			buildSettings = {
				ASSETCATALOG_COMPILER_APPICON_NAME = AppIcon;
				DEVELOPMENT_TEAM = PX7S3G376U;
				FRAMEWORK_SEARCH_PATHS = (
					"$(inherited)",
					"$(PROJECT_DIR)/Carthage/Build/iOS",
				);
				INFOPLIST_FILE = helloWatson/Info.plist;
				LD_RUNPATH_SEARCH_PATHS = "$(inherited) @executable_path/Frameworks";
				PRODUCT_BUNDLE_IDENTIFIER = com.annettefontanilla.helloWatson;
				PRODUCT_NAME = "$(TARGET_NAME)";
				SWIFT_VERSION = 3.0;
			};
			name = Release;
		};
		10AEA16F1DE513C900272A55 /* Debug */ = {
			isa = XCBuildConfiguration;
			buildSettings = {
				ALWAYS_EMBED_SWIFT_STANDARD_LIBRARIES = YES;
				BUNDLE_LOADER = "$(TEST_HOST)";
				DEVELOPMENT_TEAM = PX7S3G376U;
				INFOPLIST_FILE = helloWatsonTests/Info.plist;
				LD_RUNPATH_SEARCH_PATHS = "$(inherited) @executable_path/Frameworks @loader_path/Frameworks";
				PRODUCT_BUNDLE_IDENTIFIER = com.annettefontanilla.helloWatsonTests;
				PRODUCT_NAME = "$(TARGET_NAME)";
				SWIFT_VERSION = 3.0;
				TEST_HOST = "$(BUILT_PRODUCTS_DIR)/helloWatson.app/helloWatson";
			};
			name = Debug;
		};
		10AEA1701DE513C900272A55 /* Release */ = {
			isa = XCBuildConfiguration;
			buildSettings = {
				ALWAYS_EMBED_SWIFT_STANDARD_LIBRARIES = YES;
				BUNDLE_LOADER = "$(TEST_HOST)";
				DEVELOPMENT_TEAM = PX7S3G376U;
				INFOPLIST_FILE = helloWatsonTests/Info.plist;
				LD_RUNPATH_SEARCH_PATHS = "$(inherited) @executable_path/Frameworks @loader_path/Frameworks";
				PRODUCT_BUNDLE_IDENTIFIER = com.annettefontanilla.helloWatsonTests;
				PRODUCT_NAME = "$(TARGET_NAME)";
				SWIFT_VERSION = 3.0;
				TEST_HOST = "$(BUILT_PRODUCTS_DIR)/helloWatson.app/helloWatson";
			};
			name = Release;
		};
		10AEA1721DE513C900272A55 /* Debug */ = {
			isa = XCBuildConfiguration;
			buildSettings = {
				ALWAYS_EMBED_SWIFT_STANDARD_LIBRARIES = YES;
				DEVELOPMENT_TEAM = PX7S3G376U;
				INFOPLIST_FILE = helloWatsonUITests/Info.plist;
				LD_RUNPATH_SEARCH_PATHS = "$(inherited) @executable_path/Frameworks @loader_path/Frameworks";
				PRODUCT_BUNDLE_IDENTIFIER = com.annettefontanilla.helloWatsonUITests;
				PRODUCT_NAME = "$(TARGET_NAME)";
				SWIFT_VERSION = 3.0;
				TEST_TARGET_NAME = helloWatson;
			};
			name = Debug;
		};
		10AEA1731DE513C900272A55 /* Release */ = {
			isa = XCBuildConfiguration;
			buildSettings = {
				ALWAYS_EMBED_SWIFT_STANDARD_LIBRARIES = YES;
				DEVELOPMENT_TEAM = PX7S3G376U;
				INFOPLIST_FILE = helloWatsonUITests/Info.plist;
				LD_RUNPATH_SEARCH_PATHS = "$(inherited) @executable_path/Frameworks @loader_path/Frameworks";
				PRODUCT_BUNDLE_IDENTIFIER = com.annettefontanilla.helloWatsonUITests;
				PRODUCT_NAME = "$(TARGET_NAME)";
				SWIFT_VERSION = 3.0;
				TEST_TARGET_NAME = helloWatson;
			};
			name = Release;
		};
/* End XCBuildConfiguration section */

/* Begin XCConfigurationList section */
		10AEA13E1DE513C800272A55 /* Build configuration list for PBXProject "helloWatson" */ = {
			isa = XCConfigurationList;
			buildConfigurations = (
				10AEA1691DE513C900272A55 /* Debug */,
				10AEA16A1DE513C900272A55 /* Release */,
			);
			defaultConfigurationIsVisible = 0;
			defaultConfigurationName = Release;
		};
		10AEA16B1DE513C900272A55 /* Build configuration list for PBXNativeTarget "helloWatson" */ = {
			isa = XCConfigurationList;
			buildConfigurations = (
				10AEA16C1DE513C900272A55 /* Debug */,
				10AEA16D1DE513C900272A55 /* Release */,
			);
			defaultConfigurationIsVisible = 0;
		};
		10AEA16E1DE513C900272A55 /* Build configuration list for PBXNativeTarget "helloWatsonTests" */ = {
			isa = XCConfigurationList;
			buildConfigurations = (
				10AEA16F1DE513C900272A55 /* Debug */,
				10AEA1701DE513C900272A55 /* Release */,
			);
			defaultConfigurationIsVisible = 0;
		};
		10AEA1711DE513C900272A55 /* Build configuration list for PBXNativeTarget "helloWatsonUITests" */ = {
			isa = XCConfigurationList;
			buildConfigurations = (
				10AEA1721DE513C900272A55 /* Debug */,
				10AEA1731DE513C900272A55 /* Release */,
			);
			defaultConfigurationIsVisible = 0;
		};
/* End XCConfigurationList section */
	};
	rootObject = 10AEA13B1DE513C800272A55 /* Project object */;
}
